
Microsoft Visual Studio Solution File, Format Version 12.00
# Visual Studio Version 17
VisualStudioVersion = 17.0.31903.59
MinimumVisualStudioVersion = 10.0.40219.1
Project("{FAE04EC0-301F-11D3-BF4B-00C04F79EFBC}") = "ChatbotPlatform.API", "ChatbotPlatform.API\ChatbotPlatform.API.csproj", "{29737396-F4FB-47C3-984C-42C688E3FCCD}"
EndProject
Project("{FAE04EC0-301F-11D3-BF4B-00C04F79EFBC}") = "ChatbotPlatform.Jobs", "ChatbotPlatform.Jobs\ChatbotPlatform.Jobs.csproj", "{11645D58-F48B-46BE-A037-FC6072FE303C}"
EndProject
Project("{FAE04EC0-301F-11D3-BF4B-00C04F79EFBC}") = "ChatbotPlatform.Core", "ChatbotPlatform.Core\ChatbotPlatform.Core.csproj", "{3A7F4EAC-838C-408C-9B0C-FF8EBBB60078}"
EndProject
Global
	GlobalSection(SolutionConfigurationPlatforms) = preSolution
		Debug|Any CPU = Debug|Any CPU
		Release|Any CPU = Release|Any CPU
	EndGlobalSection
	GlobalSection(SolutionProperties) = preSolution
		HideSolutionNode = FALSE
	EndGlobalSection
	GlobalSection(ProjectConfigurationPlatforms) = postSolution
		{29737396-F4FB-47C3-984C-42C688E3FCCD}.Debug|Any CPU.ActiveCfg = Debug|Any CPU
		{29737396-F4FB-47C3-984C-42C688E3FCCD}.Debug|Any CPU.Build.0 = Debug|Any CPU
		{29737396-F4FB-47C3-984C-42C688E3FCCD}.Release|Any CPU.ActiveCfg = Release|Any CPU
		{29737396-F4FB-47C3-984C-42C688E3FCCD}.Release|Any CPU.Build.0 = Release|Any CPU
		{11645D58-F48B-46BE-A037-FC6072FE303C}.Debug|Any CPU.ActiveCfg = Debug|Any CPU
		{11645D58-F48B-46BE-A037-FC6072FE303C}.Debug|Any CPU.Build.0 = Debug|Any CPU
		{11645D58-F48B-46BE-A037-FC6072FE303C}.Release|Any CPU.ActiveCfg = Release|Any CPU
		{11645D58-F48B-46BE-A037-FC6072FE303C}.Release|Any CPU.Build.0 = Release|Any CPU
		{3A7F4EAC-838C-408C-9B0C-FF8EBBB60078}.Debug|Any CPU.ActiveCfg = Debug|Any CPU
		{3A7F4EAC-838C-408C-9B0C-FF8EBBB60078}.Debug|Any CPU.Build.0 = Debug|Any CPU
		{3A7F4EAC-838C-408C-9B0C-FF8EBBB60078}.Release|Any CPU.ActiveCfg = Release|Any CPU
		{3A7F4EAC-838C-408C-9B0C-FF8EBBB60078}.Release|Any CPU.Build.0 = Release|Any CPU
	EndGlobalSection
EndGlobal
